// !$*UTF8*$!
{
	archiveVersion = 1;
	classes = {
	};
	objectVersion = 48;
	objects = {

/* Begin PBXBuildFile section */
		C893EE7A20E0C0A500E8725A /* LaunchUtils.swift in Sources */ = {isa = PBXBuildFile; fileRef = C893EE7920E0C0A500E8725A /* LaunchUtils.swift */; };
		C8B6B40520DF8FE4002EF982 /* AppDelegate.swift in Sources */ = {isa = PBXBuildFile; fileRef = C8B6B40420DF8FE4002EF982 /* AppDelegate.swift */; };
		C8B6B40720DF8FE4002EF982 /* ViewController.swift in Sources */ = {isa = PBXBuildFile; fileRef = C8B6B40620DF8FE4002EF982 /* ViewController.swift */; };
		C8B6B40A20DF8FE4002EF982 /* Main.storyboard in Resources */ = {isa = PBXBuildFile; fileRef = C8B6B40820DF8FE4002EF982 /* Main.storyboard */; };
		C8B6B40C20DF8FE4002EF982 /* Assets.xcassets in Resources */ = {isa = PBXBuildFile; fileRef = C8B6B40B20DF8FE4002EF982 /* Assets.xcassets */; };
		C8B6B41B20DF94E5002EF982 /* HelloLaunchScreen.storyboard in Resources */ = {isa = PBXBuildFile; fileRef = C8B6B41A20DF94E5002EF982 /* HelloLaunchScreen.storyboard */; };
		C8B6B41D20DFB650002EF982 /* LaunchView.swift in Sources */ = {isa = PBXBuildFile; fileRef = C8B6B41C20DFB650002EF982 /* LaunchView.swift */; };
/* End PBXBuildFile section */

/* Begin PBXFileReference section */
		C893EE7920E0C0A500E8725A /* LaunchUtils.swift */ = {isa = PBXFileReference; lastKnownFileType = sourcecode.swift; path = LaunchUtils.swift; sourceTree = "<group>"; };
		C8B6B40120DF8FE4002EF982 /* LaunchTest.app */ = {isa = PBXFileReference; explicitFileType = wrapper.application; includeInIndex = 0; path = LaunchTest.app; sourceTree = BUILT_PRODUCTS_DIR; };
		C8B6B40420DF8FE4002EF982 /* AppDelegate.swift */ = {isa = PBXFileReference; lastKnownFileType = sourcecode.swift; path = AppDelegate.swift; sourceTree = "<group>"; };
		C8B6B40620DF8FE4002EF982 /* ViewController.swift */ = {isa = PBXFileReference; lastKnownFileType = sourcecode.swift; path = ViewController.swift; sourceTree = "<group>"; };
		C8B6B40920DF8FE4002EF982 /* Base */ = {isa = PBXFileReference; lastKnownFileType = file.storyboard; name = Base; path = Base.lproj/Main.storyboard; sourceTree = "<group>"; };
		C8B6B40B20DF8FE4002EF982 /* Assets.xcassets */ = {isa = PBXFileReference; lastKnownFileType = folder.assetcatalog; path = Assets.xcassets; sourceTree = "<group>"; };
		C8B6B41020DF8FE4002EF982 /* Info.plist */ = {isa = PBXFileReference; lastKnownFileType = text.plist.xml; path = Info.plist; sourceTree = "<group>"; };
		C8B6B41A20DF94E5002EF982 /* HelloLaunchScreen.storyboard */ = {isa = PBXFileReference; lastKnownFileType = file.storyboard; path = HelloLaunchScreen.storyboard; sourceTree = "<group>"; };
		C8B6B41C20DFB650002EF982 /* LaunchView.swift */ = {isa = PBXFileReference; lastKnownFileType = sourcecode.swift; path = LaunchView.swift; sourceTree = "<group>"; };
/* End PBXFileReference section */

/* Begin PBXFrameworksBuildPhase section */
		C8B6B3FE20DF8FE4002EF982 /* Frameworks */ = {
			isa = PBXFrameworksBuildPhase;
			buildActionMask = 2147483647;
			files = (
			);
			runOnlyForDeploymentPostprocessing = 0;
		};
/* End PBXFrameworksBuildPhase section */

/* Begin PBXGroup section */
		C8B6B3F820DF8FE4002EF982 = {
			isa = PBXGroup;
			children = (
				C8B6B40320DF8FE4002EF982 /* LaunchTest */,
				C8B6B40220DF8FE4002EF982 /* Products */,
			);
			sourceTree = "<group>";
		};
		C8B6B40220DF8FE4002EF982 /* Products */ = {
			isa = PBXGroup;
			children = (
				C8B6B40120DF8FE4002EF982 /* LaunchTest.app */,
			);
			name = Products;
			sourceTree = "<group>";
		};
		C8B6B40320DF8FE4002EF982 /* LaunchTest */ = {
			isa = PBXGroup;
			children = (
				C893EE7920E0C0A500E8725A /* LaunchUtils.swift */,
				C8B6B40420DF8FE4002EF982 /* AppDelegate.swift */,
				C8B6B40620DF8FE4002EF982 /* ViewController.swift */,
				C8B6B41C20DFB650002EF982 /* LaunchView.swift */,
				C8B6B40820DF8FE4002EF982 /* Main.storyboard */,
				C8B6B40B20DF8FE4002EF982 /* Assets.xcassets */,
				C8B6B41A20DF94E5002EF982 /* HelloLaunchScreen.storyboard */,
				C8B6B41020DF8FE4002EF982 /* Info.plist */,
			);
			path = LaunchTest;
			sourceTree = "<group>";
		};
/* End PBXGroup section */

/* Begin PBXNativeTarget section */
		C8B6B40020DF8FE4002EF982 /* LaunchTest */ = {
			isa = PBXNativeTarget;
			buildConfigurationList = C8B6B41320DF8FE4002EF982 /* Build configuration list for PBXNativeTarget "LaunchTest" */;
			buildPhases = (
				C8B6B3FD20DF8FE4002EF982 /* Sources */,
				C8B6B3FE20DF8FE4002EF982 /* Frameworks */,
				C8B6B3FF20DF8FE4002EF982 /* Resources */,
			);
			buildRules = (
			);
			dependencies = (
			);
			name = LaunchTest;
			productName = LaunchTest;
			productReference = C8B6B40120DF8FE4002EF982 /* LaunchTest.app */;
			productType = "com.apple.product-type.application";
		};
/* End PBXNativeTarget section */

/* Begin PBXProject section */
		C8B6B3F920DF8FE4002EF982 /* Project object */ = {
			isa = PBXProject;
			attributes = {
				LastSwiftUpdateCheck = 0920;
				LastUpgradeCheck = 0920;
				ORGANIZATIONNAME = muhlenXi;
				TargetAttributes = {
					C8B6B40020DF8FE4002EF982 = {
						CreatedOnToolsVersion = 9.2;
						ProvisioningStyle = Automatic;
					};
				};
			};
			buildConfigurationList = C8B6B3FC20DF8FE4002EF982 /* Build configuration list for PBXProject "LaunchTest" */;
			compatibilityVersion = "Xcode 8.0";
			developmentRegion = en;
			hasScannedForEncodings = 0;
			knownRegions = (
				en,
				Base,
			);
			mainGroup = C8B6B3F820DF8FE4002EF982;
			productRefGroup = C8B6B40220DF8FE4002EF982 /* Products */;
			projectDirPath = "";
			projectRoot = "";
			targets = (
				C8B6B40020DF8FE4002EF982 /* LaunchTest */,
			);
		};
/* End PBXProject section */

/* Begin PBXResourcesBuildPhase section */
		C8B6B3FF20DF8FE4002EF982 /* Resources */ = {
			isa = PBXResourcesBuildPhase;
			buildActionMask = 2147483647;
			files = (
				C8B6B40C20DF8FE4002EF982 /* Assets.xcassets in Resources */,
				C8B6B41B20DF94E5002EF982 /* HelloLaunchScreen.storyboard in Resources */,
				C8B6B40A20DF8FE4002EF982 /* Main.storyboard in Resources */,
			);
			runOnlyForDeploymentPostprocessing = 0;
		};
/* End PBXResourcesBuildPhase section */

/* Begin PBXSourcesBuildPhase section */
		C8B6B3FD20DF8FE4002EF982 /* Sources */ = {
			isa = PBXSourcesBuildPhase;
			buildActionMask = 2147483647;
			files = (
				C893EE7A20E0C0A500E8725A /* LaunchUtils.swift in Sources */,
				C8B6B41D20DFB650002EF982 /* LaunchView.swift in Sources */,
				C8B6B40720DF8FE4002EF982 /* ViewController.swift in Sources */,
				C8B6B40520DF8FE4002EF982 /* AppDelegate.swift in Sources */,
			);
			runOnlyForDeploymentPostprocessing = 0;
		};
/* End PBXSourcesBuildPhase section */

/* Begin PBXVariantGroup section */
		C8B6B40820DF8FE4002EF982 /* Main.storyboard */ = {
			isa = PBXVariantGroup;
			children = (
				C8B6B40920DF8FE4002EF982 /* Base */,
			);
			name = Main.storyboard;
			sourceTree = "<group>";
		};
/* End PBXVariantGroup section */

/* Begin XCBuildConfiguration section */
		C8B6B41120DF8FE4002EF982 /* Debug */ = {
			isa = XCBuildConfiguration;
			buildSettings = {
				ALWAYS_SEARCH_USER_PATHS = NO;
				CLANG_ANALYZER_NONNULL = YES;
				CLANG_ANALYZER_NUMBER_OBJECT_CONVERSION = YES_AGGRESSIVE;
				CLANG_CXX_LANGUAGE_STANDARD = "gnu++14";
				CLANG_CXX_LIBRARY = "libc++";
				CLANG_ENABLE_MODULES = YES;
				CLANG_ENABLE_OBJC_ARC = YES;
				CLANG_WARN_BLOCK_CAPTURE_AUTORELEASING = YES;
				CLANG_WARN_BOOL_CONVERSION = YES;
				CLANG_WARN_COMMA = YES;
				CLANG_WARN_CONSTANT_CONVERSION = YES;
				CLANG_WARN_DIRECT_OBJC_ISA_USAGE = YES_ERROR;
				CLANG_WARN_DOCUMENTATION_COMMENTS = YES;
				CLANG_WARN_EMPTY_BODY = YES;
				CLANG_WARN_ENUM_CONVERSION = YES;
				CLANG_WARN_INFINITE_RECURSION = YES;
				CLANG_WARN_INT_CONVERSION = YES;
				CLANG_WARN_NON_LITERAL_NULL_CONVERSION = YES;
				CLANG_WARN_OBJC_LITERAL_CONVERSION = YES;
				CLANG_WARN_OBJC_ROOT_CLASS = YES_ERROR;
				CLANG_WARN_RANGE_LOOP_ANALYSIS = YES;
				CLANG_WARN_STRICT_PROTOTYPES = YES;
				CLANG_WARN_SUSPICIOUS_MOVE = YES;
				CLANG_WARN_UNGUARDED_AVAILABILITY = YES_AGGRESSIVE;
				CLANG_WARN_UNREACHABLE_CODE = YES;
				CLANG_WARN__DUPLICATE_METHOD_MATCH = YES;
				CODE_SIGN_IDENTITY = "iPhone Developer";
				COPY_PHASE_STRIP = NO;
				DEBUG_INFORMATION_FORMAT = dwarf;
				ENABLE_STRICT_OBJC_MSGSEND = YES;
				ENABLE_TESTABILITY = YES;
				GCC_C_LANGUAGE_STANDARD = gnu11;
				GCC_DYNAMIC_NO_PIC = NO;
				GCC_NO_COMMON_BLOCKS = YES;
				GCC_OPTIMIZATION_LEVEL = 0;
				GCC_PREPROCESSOR_DEFINITIONS = (
					"DEBUG=1",
					"$(inherited)",
				);
				GCC_WARN_64_TO_32_BIT_CONVERSION = YES;
				GCC_WARN_ABOUT_RETURN_TYPE = YES_ERROR;
				GCC_WARN_UNDECLARED_SELECTOR = YES;
				GCC_WARN_UNINITIALIZED_AUTOS = YES_AGGRESSIVE;
				GCC_WARN_UNUSED_FUNCTION = YES;
				GCC_WARN_UNUSED_VARIABLE = YES;
				IPHONEOS_DEPLOYMENT_TARGET = 11.2;
				MTL_ENABLE_DEBUG_INFO = YES;
				ONLY_ACTIVE_ARCH = YES;
				SDKROOT = iphoneos;
				SWIFT_ACTIVE_COMPILATION_CONDITIONS = DEBUG;
				SWIFT_OPTIMIZATION_LEVEL = "-Onone";
			};
			name = Debug;
		};
		C8B6B41220DF8FE4002EF982 /* Release */ = {
			isa = XCBuildConfiguration;
			buildSettings = {
				ALWAYS_SEARCH_USER_PATHS = NO;
				CLANG_ANALYZER_NONNULL = YES;
				CLANG_ANALYZER_NUMBER_OBJECT_CONVERSION = YES_AGGRESSIVE;
				CLANG_CXX_LANGUAGE_STANDARD = "gnu++14";
				CLANG_CXX_LIBRARY = "libc++";
				CLANG_ENABLE_MODULES = YES;
				CLANG_ENABLE_OBJC_ARC = YES;
				CLANG_WARN_BLOCK_CAPTURE_AUTORELEASING = YES;
				CLANG_WARN_BOOL_CONVERSION = YES;
				CLANG_WARN_COMMA = YES;
				CLANG_WARN_CONSTANT_CONVERSION = YES;
				CLANG_WARN_DIRECT_OBJC_ISA_USAGE = YES_ERROR;
				CLANG_WARN_DOCUMENTATION_COMMENTS = YES;
				CLANG_WARN_EMPTY_BODY = YES;
				CLANG_WARN_ENUM_CONVERSION = YES;
				CLANG_WARN_INFINITE_RECURSION = YES;
				CLANG_WARN_INT_CONVERSION = YES;
				CLANG_WARN_NON_LITERAL_NULL_CONVERSION = YES;
				CLANG_WARN_OBJC_LITERAL_CONVERSION = YES;
				CLANG_WARN_OBJC_ROOT_CLASS = YES_ERROR;
				CLANG_WARN_RANGE_LOOP_ANALYSIS = YES;
				CLANG_WARN_STRICT_PROTOTYPES = YES;
				CLANG_WARN_SUSPICIOUS_MOVE = YES;
				CLANG_WARN_UNGUARDED_AVAILABILITY = YES_AGGRESSIVE;
				CLANG_WARN_UNREACHABLE_CODE = YES;
				CLANG_WARN__DUPLICATE_METHOD_MATCH = YES;
				CODE_SIGN_IDENTITY = "iPhone Developer";
				COPY_PHASE_STRIP = NO;
				DEBUG_INFORMATION_FORMAT = "dwarf-with-dsym";
				ENABLE_NS_ASSERTIONS = NO;
				ENABLE_STRICT_OBJC_MSGSEND = YES;
				GCC_C_LANGUAGE_STANDARD = gnu11;
				GCC_NO_COMMON_BLOCKS = YES;
				GCC_WARN_64_TO_32_BIT_CONVERSION = YES;
				GCC_WARN_ABOUT_RETURN_TYPE = YES_ERROR;
				GCC_WARN_UNDECLARED_SELECTOR = YES;
				GCC_WARN_UNINITIALIZED_AUTOS = YES_AGGRESSIVE;
				GCC_WARN_UNUSED_FUNCTION = YES;
				GCC_WARN_UNUSED_VARIABLE = YES;
				IPHONEOS_DEPLOYMENT_TARGET = 11.2;
				MTL_ENABLE_DEBUG_INFO = NO;
				SDKROOT = iphoneos;
				SWIFT_OPTIMIZATION_LEVEL = "-Owholemodule";
				VALIDATE_PRODUCT = YES;
			};
			name = Release;
		};
		C8B6B41420DF8FE4002EF982 /* Debug */ = {
			isa = XCBuildConfiguration;
			buildSettings = {
				ASSETCATALOG_COMPILER_APPICON_NAME = AppIcon;
				ASSETCATALOG_COMPILER_LAUNCHIMAGE_NAME = LaunchImage;
				"CODE_SIGN_IDENTITY[sdk=iphoneos*]" = "iPhone Developer";
				CODE_SIGN_STYLE = Automatic;
				DEVELOPMENT_TEAM = L4FK2NAFJB;
				INFOPLIST_FILE = LaunchTest/Info.plist;
				IPHONEOS_DEPLOYMENT_TARGET = 9.0;
				LD_RUNPATH_SEARCH_PATHS = "$(inherited) @executable_path/Frameworks";
				PRODUCT_BUNDLE_IDENTIFIER = com.muhlenxi.LaunchTest;
				PRODUCT_NAME = "$(TARGET_NAME)";
				PROVISIONING_PROFILE_SPECIFIER = "";
				SWIFT_VERSION = 4.0;
				TARGETED_DEVICE_FAMILY = 1;
			};
			name = Debug;
		};
		C8B6B41520DF8FE4002EF982 /* Release */ = {
			isa = XCBuildConfiguration;
			buildSettings = {
				ASSETCATALOG_COMPILER_APPICON_NAME = AppIcon;
				ASSETCATALOG_COMPILER_LAUNCHIMAGE_NAME = LaunchImage;
				"CODE_SIGN_IDENTITY[sdk=iphoneos*]" = "iPhone Developer";
				CODE_SIGN_STYLE = Automatic;
				DEVELOPMENT_TEAM = L4FK2NAFJB;
				INFOPLIST_FILE = LaunchTest/Info.plist;
				IPHONEOS_DEPLOYMENT_TARGET = 9.0;
				LD_RUNPATH_SEARCH_PATHS = "$(inherited) @executable_path/Frameworks";
				PRODUCT_BUNDLE_IDENTIFIER = com.muhlenxi.LaunchTest;
				PRODUCT_NAME = "$(TARGET_NAME)";
				PROVISIONING_PROFILE_SPECIFIER = "";
				SWIFT_VERSION = 4.0;
				TARGETED_DEVICE_FAMILY = 1;
			};
			name = Release;
		};
/* End XCBuildConfiguration section */

/* Begin XCConfigurationList section */
		C8B6B3FC20DF8FE4002EF982 /* Build configuration list for PBXProject "LaunchTest" */ = {
			isa = XCConfigurationList;
			buildConfigurations = (
				C8B6B41120DF8FE4002EF982 /* Debug */,
				C8B6B41220DF8FE4002EF982 /* Release */,
			);
			defaultConfigurationIsVisible = 0;
			defaultConfigurationName = Release;
		};
		C8B6B41320DF8FE4002EF982 /* Build configuration list for PBXNativeTarget "LaunchTest" */ = {
			isa = XCConfigurationList;
			buildConfigurations = (
				C8B6B41420DF8FE4002EF982 /* Debug */,
				C8B6B41520DF8FE4002EF982 /* Release */,
			);
			defaultConfigurationIsVisible = 0;
			defaultConfigurationName = Release;
		};
/* End XCConfigurationList section */
	};
	rootObject = C8B6B3F920DF8FE4002EF982 /* Project object */;
}
